
Microsoft Visual Studio Solution File, Format Version 12.00
# Visual Studio Version 16
VisualStudioVersion = 16.0.31205.134
MinimumVisualStudioVersion = 10.0.40219.1
Project("{9A19103F-16F7-4668-BE54-9A1E7A4F7556}") = "FunApi", "FunApi\FunApi.csproj", "{5847EC6D-1A2A-4B9B-AB3B-33A27E8B8726}"
EndProject
Project("{FAE04EC0-301F-11D3-BF4B-00C04F79EFBC}") = "FunApi.Test", "FunApi.Test\FunApi.Test.csproj", "{B24DE421-0986-49C9-803C-7E9D305CA289}"
EndProject
Global
	GlobalSection(SolutionConfigurationPlatforms) = preSolution
		Debug|Any CPU = Debug|Any CPU
		Release|Any CPU = Release|Any CPU
	EndGlobalSection
	GlobalSection(ProjectConfigurationPlatforms) = postSolution
		{5847EC6D-1A2A-4B9B-AB3B-33A27E8B8726}.Debug|Any CPU.ActiveCfg = Debug|Any CPU
		{5847EC6D-1A2A-4B9B-AB3B-33A27E8B8726}.Debug|Any CPU.Build.0 = Debug|Any CPU
		{5847EC6D-1A2A-4B9B-AB3B-33A27E8B8726}.Release|Any CPU.ActiveCfg = Release|Any CPU
		{5847EC6D-1A2A-4B9B-AB3B-33A27E8B8726}.Release|Any CPU.Build.0 = Release|Any CPU
		{B24DE421-0986-49C9-803C-7E9D305CA289}.Debug|Any CPU.ActiveCfg = Debug|Any CPU
		{B24DE421-0986-49C9-803C-7E9D305CA289}.Debug|Any CPU.Build.0 = Debug|Any CPU
		{B24DE421-0986-49C9-803C-7E9D305CA289}.Release|Any CPU.ActiveCfg = Release|Any CPU
		{B24DE421-0986-49C9-803C-7E9D305CA289}.Release|Any CPU.Build.0 = Release|Any CPU
	EndGlobalSection
	GlobalSection(SolutionProperties) = preSolution
		HideSolutionNode = FALSE
	EndGlobalSection
	GlobalSection(ExtensibilityGlobals) = postSolution
		SolutionGuid = {62C9A262-2866-44B9-8A6A-71C357FA924B}
	EndGlobalSection
EndGlobal
